// !$*UTF8*$!
{
	archiveVersion = 1;
	classes = {
	};
	objectVersion = 46;
	objects = {

/* Begin PBXBuildFile section */
		73355CD71F18552100154301 /* AppDelegate.swift in Sources */ = {isa = PBXBuildFile; fileRef = 73355CD61F18552100154301 /* AppDelegate.swift */; };
		73355CDE1F18552100154301 /* Assets.xcassets in Resources */ = {isa = PBXBuildFile; fileRef = 73355CDD1F18552100154301 /* Assets.xcassets */; };
		73355CEC1F18552100154301 /* MyWeiboTests.swift in Sources */ = {isa = PBXBuildFile; fileRef = 73355CEB1F18552100154301 /* MyWeiboTests.swift */; };
		73355CF71F18552100154301 /* MyWeiboUITests.swift in Sources */ = {isa = PBXBuildFile; fileRef = 73355CF61F18552100154301 /* MyWeiboUITests.swift */; };
		73355D0F1F18588D00154301 /* WBMainViewController.swift in Sources */ = {isa = PBXBuildFile; fileRef = 73355D0E1F18588D00154301 /* WBMainViewController.swift */; };
		73355D111F1858B000154301 /* WBNavigationController.swift in Sources */ = {isa = PBXBuildFile; fileRef = 73355D101F1858B000154301 /* WBNavigationController.swift */; };
		73355D131F1858C600154301 /* WBBaseViewController.swift in Sources */ = {isa = PBXBuildFile; fileRef = 73355D121F1858C600154301 /* WBBaseViewController.swift */; };
		73355D151F1858DC00154301 /* WBHomeViewController.swift in Sources */ = {isa = PBXBuildFile; fileRef = 73355D141F1858DC00154301 /* WBHomeViewController.swift */; };
		73355D171F1858E400154301 /* WBDiscooverViewController.swift in Sources */ = {isa = PBXBuildFile; fileRef = 73355D161F1858E400154301 /* WBDiscooverViewController.swift */; };
		73355D191F1858EC00154301 /* WBMessageViewController.swift in Sources */ = {isa = PBXBuildFile; fileRef = 73355D181F1858EC00154301 /* WBMessageViewController.swift */; };
		73355D1B1F1858F500154301 /* WBProfileViewController.swift in Sources */ = {isa = PBXBuildFile; fileRef = 73355D1A1F1858F500154301 /* WBProfileViewController.swift */; };
		73355D361F185A0E00154301 /* NSArray+Log.m in Sources */ = {isa = PBXBuildFile; fileRef = 73355D1F1F185A0E00154301 /* NSArray+Log.m */; };
		73355D371F185A0E00154301 /* NSAttributedString+CZAdditon.m in Sources */ = {isa = PBXBuildFile; fileRef = 73355D211F185A0E00154301 /* NSAttributedString+CZAdditon.m */; };
		73355D381F185A0E00154301 /* NSObject+CZRuntime.m in Sources */ = {isa = PBXBuildFile; fileRef = 73355D231F185A0E00154301 /* NSObject+CZRuntime.m */; };
		73355D391F185A0E00154301 /* NSString+CZBase64.m in Sources */ = {isa = PBXBuildFile; fileRef = 73355D251F185A0E00154301 /* NSString+CZBase64.m */; };
		73355D3A1F185A0E00154301 /* NSString+CZHash.m in Sources */ = {isa = PBXBuildFile; fileRef = 73355D271F185A0E00154301 /* NSString+CZHash.m */; };
		73355D3B1F185A0E00154301 /* NSString+CZPath.m in Sources */ = {isa = PBXBuildFile; fileRef = 73355D291F185A0E00154301 /* NSString+CZPath.m */; };
		73355D3C1F185A0E00154301 /* UIButton+CZAddition.m in Sources */ = {isa = PBXBuildFile; fileRef = 73355D2B1F185A0E00154301 /* UIButton+CZAddition.m */; };
		73355D3D1F185A0E00154301 /* UIColor+CZAddition.m in Sources */ = {isa = PBXBuildFile; fileRef = 73355D2D1F185A0E00154301 /* UIColor+CZAddition.m */; };
		73355D3E1F185A0E00154301 /* UILabel+CZAddition.m in Sources */ = {isa = PBXBuildFile; fileRef = 73355D2F1F185A0E00154301 /* UILabel+CZAddition.m */; };
		73355D3F1F185A0E00154301 /* UIScreen+CZAddition.m in Sources */ = {isa = PBXBuildFile; fileRef = 73355D311F185A0E00154301 /* UIScreen+CZAddition.m */; };
		73355D401F185A0E00154301 /* UIView+CZAddition.m in Sources */ = {isa = PBXBuildFile; fileRef = 73355D331F185A0E00154301 /* UIView+CZAddition.m */; };
		73355D411F185A0E00154301 /* UIViewController+CZAddition.m in Sources */ = {isa = PBXBuildFile; fileRef = 73355D351F185A0E00154301 /* UIViewController+CZAddition.m */; };
		73355D4C1F1862F300154301 /* Bundle+Extensions.swift in Sources */ = {isa = PBXBuildFile; fileRef = 73355D461F1862F300154301 /* Bundle+Extensions.swift */; };
		73355D4D1F1862F300154301 /* Date+Extensions.swift in Sources */ = {isa = PBXBuildFile; fileRef = 73355D471F1862F300154301 /* Date+Extensions.swift */; };
		73355D4E1F1862F300154301 /* String+Extensions.swift in Sources */ = {isa = PBXBuildFile; fileRef = 73355D481F1862F300154301 /* String+Extensions.swift */; };
		73355D4F1F1862F300154301 /* UIBarButtonItem+Extensions.swift in Sources */ = {isa = PBXBuildFile; fileRef = 73355D491F1862F300154301 /* UIBarButtonItem+Extensions.swift */; };
		894AC5634119200C65DADA93 /* libPods-MyWeibo.a in Frameworks */ = {isa = PBXBuildFile; fileRef = 2E9B6A4C756E0D0099478B66 /* libPods-MyWeibo.a */; };
/* End PBXBuildFile section */

/* Begin PBXContainerItemProxy section */
		73355CE81F18552100154301 /* PBXContainerItemProxy */ = {
			isa = PBXContainerItemProxy;
			containerPortal = 73355CCB1F18552100154301 /* Project object */;
			proxyType = 1;
			remoteGlobalIDString = 73355CD21F18552100154301;
			remoteInfo = MyWeibo;
		};
		73355CF31F18552100154301 /* PBXContainerItemProxy */ = {
			isa = PBXContainerItemProxy;
			containerPortal = 73355CCB1F18552100154301 /* Project object */;
			proxyType = 1;
			remoteGlobalIDString = 73355CD21F18552100154301;
			remoteInfo = MyWeibo;
		};
/* End PBXContainerItemProxy section */

/* Begin PBXFileReference section */
		2E9B6A4C756E0D0099478B66 /* libPods-MyWeibo.a */ = {isa = PBXFileReference; explicitFileType = archive.ar; includeInIndex = 0; path = "libPods-MyWeibo.a"; sourceTree = BUILT_PRODUCTS_DIR; };
		73355CD31F18552100154301 /* MyWeibo.app */ = {isa = PBXFileReference; explicitFileType = wrapper.application; includeInIndex = 0; path = MyWeibo.app; sourceTree = BUILT_PRODUCTS_DIR; };
		73355CD61F18552100154301 /* AppDelegate.swift */ = {isa = PBXFileReference; lastKnownFileType = sourcecode.swift; path = AppDelegate.swift; sourceTree = "<group>"; };
		73355CDD1F18552100154301 /* Assets.xcassets */ = {isa = PBXFileReference; lastKnownFileType = folder.assetcatalog; path = Assets.xcassets; sourceTree = "<group>"; };
		73355CE21F18552100154301 /* Info.plist */ = {isa = PBXFileReference; lastKnownFileType = text.plist.xml; path = Info.plist; sourceTree = "<group>"; };
		73355CE71F18552100154301 /* MyWeiboTests.xctest */ = {isa = PBXFileReference; explicitFileType = wrapper.cfbundle; includeInIndex = 0; path = MyWeiboTests.xctest; sourceTree = BUILT_PRODUCTS_DIR; };
		73355CEB1F18552100154301 /* MyWeiboTests.swift */ = {isa = PBXFileReference; lastKnownFileType = sourcecode.swift; path = MyWeiboTests.swift; sourceTree = "<group>"; };
		73355CED1F18552100154301 /* Info.plist */ = {isa = PBXFileReference; lastKnownFileType = text.plist.xml; path = Info.plist; sourceTree = "<group>"; };
		73355CF21F18552100154301 /* MyWeiboUITests.xctest */ = {isa = PBXFileReference; explicitFileType = wrapper.cfbundle; includeInIndex = 0; path = MyWeiboUITests.xctest; sourceTree = BUILT_PRODUCTS_DIR; };
		73355CF61F18552100154301 /* MyWeiboUITests.swift */ = {isa = PBXFileReference; lastKnownFileType = sourcecode.swift; path = MyWeiboUITests.swift; sourceTree = "<group>"; };
		73355CF81F18552100154301 /* Info.plist */ = {isa = PBXFileReference; lastKnownFileType = text.plist.xml; path = Info.plist; sourceTree = "<group>"; };
		73355D0E1F18588D00154301 /* WBMainViewController.swift */ = {isa = PBXFileReference; fileEncoding = 4; lastKnownFileType = sourcecode.swift; path = WBMainViewController.swift; sourceTree = "<group>"; };
		73355D101F1858B000154301 /* WBNavigationController.swift */ = {isa = PBXFileReference; fileEncoding = 4; lastKnownFileType = sourcecode.swift; path = WBNavigationController.swift; sourceTree = "<group>"; };
		73355D121F1858C600154301 /* WBBaseViewController.swift */ = {isa = PBXFileReference; fileEncoding = 4; lastKnownFileType = sourcecode.swift; path = WBBaseViewController.swift; sourceTree = "<group>"; };
		73355D141F1858DC00154301 /* WBHomeViewController.swift */ = {isa = PBXFileReference; fileEncoding = 4; lastKnownFileType = sourcecode.swift; path = WBHomeViewController.swift; sourceTree = "<group>"; };
		73355D161F1858E400154301 /* WBDiscooverViewController.swift */ = {isa = PBXFileReference; fileEncoding = 4; lastKnownFileType = sourcecode.swift; path = WBDiscooverViewController.swift; sourceTree = "<group>"; };
		73355D181F1858EC00154301 /* WBMessageViewController.swift */ = {isa = PBXFileReference; fileEncoding = 4; lastKnownFileType = sourcecode.swift; path = WBMessageViewController.swift; sourceTree = "<group>"; };
		73355D1A1F1858F500154301 /* WBProfileViewController.swift */ = {isa = PBXFileReference; fileEncoding = 4; lastKnownFileType = sourcecode.swift; path = WBProfileViewController.swift; sourceTree = "<group>"; };
		73355D1D1F185A0E00154301 /* CZAdditions.h */ = {isa = PBXFileReference; fileEncoding = 4; lastKnownFileType = sourcecode.c.h; path = CZAdditions.h; sourceTree = "<group>"; };
		73355D1E1F185A0E00154301 /* NSArray+Log.h */ = {isa = PBXFileReference; fileEncoding = 4; lastKnownFileType = sourcecode.c.h; path = "NSArray+Log.h"; sourceTree = "<group>"; };
		73355D1F1F185A0E00154301 /* NSArray+Log.m */ = {isa = PBXFileReference; fileEncoding = 4; lastKnownFileType = sourcecode.c.objc; path = "NSArray+Log.m"; sourceTree = "<group>"; };
		73355D201F185A0E00154301 /* NSAttributedString+CZAdditon.h */ = {isa = PBXFileReference; fileEncoding = 4; lastKnownFileType = sourcecode.c.h; path = "NSAttributedString+CZAdditon.h"; sourceTree = "<group>"; };
		73355D211F185A0E00154301 /* NSAttributedString+CZAdditon.m */ = {isa = PBXFileReference; fileEncoding = 4; lastKnownFileType = sourcecode.c.objc; path = "NSAttributedString+CZAdditon.m"; sourceTree = "<group>"; };
		73355D221F185A0E00154301 /* NSObject+CZRuntime.h */ = {isa = PBXFileReference; fileEncoding = 4; lastKnownFileType = sourcecode.c.h; path = "NSObject+CZRuntime.h"; sourceTree = "<group>"; };
		73355D231F185A0E00154301 /* NSObject+CZRuntime.m */ = {isa = PBXFileReference; fileEncoding = 4; lastKnownFileType = sourcecode.c.objc; path = "NSObject+CZRuntime.m"; sourceTree = "<group>"; };
		73355D241F185A0E00154301 /* NSString+CZBase64.h */ = {isa = PBXFileReference; fileEncoding = 4; lastKnownFileType = sourcecode.c.h; path = "NSString+CZBase64.h"; sourceTree = "<group>"; };
		73355D251F185A0E00154301 /* NSString+CZBase64.m */ = {isa = PBXFileReference; fileEncoding = 4; lastKnownFileType = sourcecode.c.objc; path = "NSString+CZBase64.m"; sourceTree = "<group>"; };
		73355D261F185A0E00154301 /* NSString+CZHash.h */ = {isa = PBXFileReference; fileEncoding = 4; lastKnownFileType = sourcecode.c.h; path = "NSString+CZHash.h"; sourceTree = "<group>"; };
		73355D271F185A0E00154301 /* NSString+CZHash.m */ = {isa = PBXFileReference; fileEncoding = 4; lastKnownFileType = sourcecode.c.objc; path = "NSString+CZHash.m"; sourceTree = "<group>"; };
		73355D281F185A0E00154301 /* NSString+CZPath.h */ = {isa = PBXFileReference; fileEncoding = 4; lastKnownFileType = sourcecode.c.h; path = "NSString+CZPath.h"; sourceTree = "<group>"; };
		73355D291F185A0E00154301 /* NSString+CZPath.m */ = {isa = PBXFileReference; fileEncoding = 4; lastKnownFileType = sourcecode.c.objc; path = "NSString+CZPath.m"; sourceTree = "<group>"; };
		73355D2A1F185A0E00154301 /* UIButton+CZAddition.h */ = {isa = PBXFileReference; fileEncoding = 4; lastKnownFileType = sourcecode.c.h; path = "UIButton+CZAddition.h"; sourceTree = "<group>"; };
		73355D2B1F185A0E00154301 /* UIButton+CZAddition.m */ = {isa = PBXFileReference; fileEncoding = 4; lastKnownFileType = sourcecode.c.objc; path = "UIButton+CZAddition.m"; sourceTree = "<group>"; };
		73355D2C1F185A0E00154301 /* UIColor+CZAddition.h */ = {isa = PBXFileReference; fileEncoding = 4; lastKnownFileType = sourcecode.c.h; path = "UIColor+CZAddition.h"; sourceTree = "<group>"; };
		73355D2D1F185A0E00154301 /* UIColor+CZAddition.m */ = {isa = PBXFileReference; fileEncoding = 4; lastKnownFileType = sourcecode.c.objc; path = "UIColor+CZAddition.m"; sourceTree = "<group>"; };
		73355D2E1F185A0E00154301 /* UILabel+CZAddition.h */ = {isa = PBXFileReference; fileEncoding = 4; lastKnownFileType = sourcecode.c.h; path = "UILabel+CZAddition.h"; sourceTree = "<group>"; };
		73355D2F1F185A0E00154301 /* UILabel+CZAddition.m */ = {isa = PBXFileReference; fileEncoding = 4; lastKnownFileType = sourcecode.c.objc; path = "UILabel+CZAddition.m"; sourceTree = "<group>"; };
		73355D301F185A0E00154301 /* UIScreen+CZAddition.h */ = {isa = PBXFileReference; fileEncoding = 4; lastKnownFileType = sourcecode.c.h; path = "UIScreen+CZAddition.h"; sourceTree = "<group>"; };
		73355D311F185A0E00154301 /* UIScreen+CZAddition.m */ = {isa = PBXFileReference; fileEncoding = 4; lastKnownFileType = sourcecode.c.objc; path = "UIScreen+CZAddition.m"; sourceTree = "<group>"; };
		73355D321F185A0E00154301 /* UIView+CZAddition.h */ = {isa = PBXFileReference; fileEncoding = 4; lastKnownFileType = sourcecode.c.h; path = "UIView+CZAddition.h"; sourceTree = "<group>"; };
		73355D331F185A0E00154301 /* UIView+CZAddition.m */ = {isa = PBXFileReference; fileEncoding = 4; lastKnownFileType = sourcecode.c.objc; path = "UIView+CZAddition.m"; sourceTree = "<group>"; };
		73355D341F185A0E00154301 /* UIViewController+CZAddition.h */ = {isa = PBXFileReference; fileEncoding = 4; lastKnownFileType = sourcecode.c.h; path = "UIViewController+CZAddition.h"; sourceTree = "<group>"; };
		73355D351F185A0E00154301 /* UIViewController+CZAddition.m */ = {isa = PBXFileReference; fileEncoding = 4; lastKnownFileType = sourcecode.c.objc; path = "UIViewController+CZAddition.m"; sourceTree = "<group>"; };
		73355D441F185B8B00154301 /* Weibo-Bridge.h */ = {isa = PBXFileReference; lastKnownFileType = sourcecode.c.h; path = "Weibo-Bridge.h"; sourceTree = "<group>"; };
		73355D461F1862F300154301 /* Bundle+Extensions.swift */ = {isa = PBXFileReference; fileEncoding = 4; lastKnownFileType = sourcecode.swift; path = "Bundle+Extensions.swift"; sourceTree = "<group>"; };
		73355D471F1862F300154301 /* Date+Extensions.swift */ = {isa = PBXFileReference; fileEncoding = 4; lastKnownFileType = sourcecode.swift; path = "Date+Extensions.swift"; sourceTree = "<group>"; };
		73355D481F1862F300154301 /* String+Extensions.swift */ = {isa = PBXFileReference; fileEncoding = 4; lastKnownFileType = sourcecode.swift; path = "String+Extensions.swift"; sourceTree = "<group>"; };
		73355D491F1862F300154301 /* UIBarButtonItem+Extensions.swift */ = {isa = PBXFileReference; fileEncoding = 4; lastKnownFileType = sourcecode.swift; path = "UIBarButtonItem+Extensions.swift"; sourceTree = "<group>"; };
		8B1B681AF01334A9CF263A22 /* Pods-MyWeibo.debug.xcconfig */ = {isa = PBXFileReference; includeInIndex = 1; lastKnownFileType = text.xcconfig; name = "Pods-MyWeibo.debug.xcconfig"; path = "Pods/Target Support Files/Pods-MyWeibo/Pods-MyWeibo.debug.xcconfig"; sourceTree = "<group>"; };
		8C032BBE790D315229402819 /* Pods-MyWeibo.release.xcconfig */ = {isa = PBXFileReference; includeInIndex = 1; lastKnownFileType = text.xcconfig; name = "Pods-MyWeibo.release.xcconfig"; path = "Pods/Target Support Files/Pods-MyWeibo/Pods-MyWeibo.release.xcconfig"; sourceTree = "<group>"; };
/* End PBXFileReference section */

/* Begin PBXFrameworksBuildPhase section */
		73355CD01F18552100154301 /* Frameworks */ = {
			isa = PBXFrameworksBuildPhase;
			buildActionMask = 2147483647;
			files = (
				894AC5634119200C65DADA93 /* libPods-MyWeibo.a in Frameworks */,
			);
			runOnlyForDeploymentPostprocessing = 0;
		};
		73355CE41F18552100154301 /* Frameworks */ = {
			isa = PBXFrameworksBuildPhase;
			buildActionMask = 2147483647;
			files = (
			);
			runOnlyForDeploymentPostprocessing = 0;
		};
		73355CEF1F18552100154301 /* Frameworks */ = {
			isa = PBXFrameworksBuildPhase;
			buildActionMask = 2147483647;
			files = (
			);
			runOnlyForDeploymentPostprocessing = 0;
		};
/* End PBXFrameworksBuildPhase section */

/* Begin PBXGroup section */
		21E208FA6AA5FF5311B266E6 /* Pods */ = {
			isa = PBXGroup;
			children = (
				8B1B681AF01334A9CF263A22 /* Pods-MyWeibo.debug.xcconfig */,
				8C032BBE790D315229402819 /* Pods-MyWeibo.release.xcconfig */,
			);
			name = Pods;
			sourceTree = "<group>";
		};
		73355CCA1F18552100154301 = {
			isa = PBXGroup;
			children = (
				73355CD51F18552100154301 /* MyWeibo */,
				73355CEA1F18552100154301 /* MyWeiboTests */,
				73355CF51F18552100154301 /* MyWeiboUITests */,
				73355CD41F18552100154301 /* Products */,
				21E208FA6AA5FF5311B266E6 /* Pods */,
				EBE3B8975F974546197B1FCA /* Frameworks */,
			);
			sourceTree = "<group>";
		};
		73355CD41F18552100154301 /* Products */ = {
			isa = PBXGroup;
			children = (
				73355CD31F18552100154301 /* MyWeibo.app */,
				73355CE71F18552100154301 /* MyWeiboTests.xctest */,
				73355CF21F18552100154301 /* MyWeiboUITests.xctest */,
			);
			name = Products;
			sourceTree = "<group>";
		};
		73355CD51F18552100154301 /* MyWeibo */ = {
			isa = PBXGroup;
			children = (
				73355D041F18583000154301 /* Classes */,
				73355CD61F18552100154301 /* AppDelegate.swift */,
				73355D441F185B8B00154301 /* Weibo-Bridge.h */,
				73355CDD1F18552100154301 /* Assets.xcassets */,
				73355CE21F18552100154301 /* Info.plist */,
			);
			path = MyWeibo;
			sourceTree = "<group>";
		};
		73355CEA1F18552100154301 /* MyWeiboTests */ = {
			isa = PBXGroup;
			children = (
				73355CEB1F18552100154301 /* MyWeiboTests.swift */,
				73355CED1F18552100154301 /* Info.plist */,
			);
			path = MyWeiboTests;
			sourceTree = "<group>";
		};
		73355CF51F18552100154301 /* MyWeiboUITests */ = {
			isa = PBXGroup;
			children = (
				73355CF61F18552100154301 /* MyWeiboUITests.swift */,
				73355CF81F18552100154301 /* Info.plist */,
			);
			path = MyWeiboUITests;
			sourceTree = "<group>";
		};
		73355D041F18583000154301 /* Classes */ = {
			isa = PBXGroup;
			children = (
				73355D071F18583000154301 /* View */,
				73355D0D1F18583000154301 /* ViewMdel */,
				73355D051F18583000154301 /* Model */,
				73355D061F18583000154301 /* Tools */,
			);
			path = Classes;
			sourceTree = "<group>";
		};
		73355D051F18583000154301 /* Model */ = {
			isa = PBXGroup;
			children = (
			);
			path = Model;
			sourceTree = "<group>";
		};
		73355D061F18583000154301 /* Tools */ = {
			isa = PBXGroup;
			children = (
				73355D451F1862F300154301 /* Extensions */,
				73355D1C1F185A0E00154301 /* Additions */,
			);
			path = Tools;
			sourceTree = "<group>";
		};
		73355D071F18583000154301 /* View */ = {
			isa = PBXGroup;
			children = (
				73355D0A1F18583000154301 /* Main */,
				73355D091F18583000154301 /* Home */,
				73355D081F18583000154301 /* Discoover */,
				73355D0B1F18583000154301 /* Message */,
				73355D0C1F18583000154301 /* Profile */,
			);
			path = View;
			sourceTree = "<group>";
		};
		73355D081F18583000154301 /* Discoover */ = {
			isa = PBXGroup;
			children = (
				73355D161F1858E400154301 /* WBDiscooverViewController.swift */,
			);
			path = Discoover;
			sourceTree = "<group>";
		};
		73355D091F18583000154301 /* Home */ = {
			isa = PBXGroup;
			children = (
				73355D141F1858DC00154301 /* WBHomeViewController.swift */,
			);
			path = Home;
			sourceTree = "<group>";
		};
		73355D0A1F18583000154301 /* Main */ = {
			isa = PBXGroup;
			children = (
				73355D0E1F18588D00154301 /* WBMainViewController.swift */,
				73355D101F1858B000154301 /* WBNavigationController.swift */,
				73355D121F1858C600154301 /* WBBaseViewController.swift */,
			);
			path = Main;
			sourceTree = "<group>";
		};
		73355D0B1F18583000154301 /* Message */ = {
			isa = PBXGroup;
			children = (
				73355D181F1858EC00154301 /* WBMessageViewController.swift */,
			);
			path = Message;
			sourceTree = "<group>";
		};
		73355D0C1F18583000154301 /* Profile */ = {
			isa = PBXGroup;
			children = (
				73355D1A1F1858F500154301 /* WBProfileViewController.swift */,
			);
			path = Profile;
			sourceTree = "<group>";
		};
		73355D0D1F18583000154301 /* ViewMdel */ = {
			isa = PBXGroup;
			children = (
			);
			path = ViewMdel;
			sourceTree = "<group>";
		};
		73355D1C1F185A0E00154301 /* Additions */ = {
			isa = PBXGroup;
			children = (
				73355D1D1F185A0E00154301 /* CZAdditions.h */,
				73355D1E1F185A0E00154301 /* NSArray+Log.h */,
				73355D1F1F185A0E00154301 /* NSArray+Log.m */,
				73355D201F185A0E00154301 /* NSAttributedString+CZAdditon.h */,
				73355D211F185A0E00154301 /* NSAttributedString+CZAdditon.m */,
				73355D221F185A0E00154301 /* NSObject+CZRuntime.h */,
				73355D231F185A0E00154301 /* NSObject+CZRuntime.m */,
				73355D241F185A0E00154301 /* NSString+CZBase64.h */,
				73355D251F185A0E00154301 /* NSString+CZBase64.m */,
				73355D261F185A0E00154301 /* NSString+CZHash.h */,
				73355D271F185A0E00154301 /* NSString+CZHash.m */,
				73355D281F185A0E00154301 /* NSString+CZPath.h */,
				73355D291F185A0E00154301 /* NSString+CZPath.m */,
				73355D2A1F185A0E00154301 /* UIButton+CZAddition.h */,
				73355D2B1F185A0E00154301 /* UIButton+CZAddition.m */,
				73355D2C1F185A0E00154301 /* UIColor+CZAddition.h */,
				73355D2D1F185A0E00154301 /* UIColor+CZAddition.m */,
				73355D2E1F185A0E00154301 /* UILabel+CZAddition.h */,
				73355D2F1F185A0E00154301 /* UILabel+CZAddition.m */,
				73355D301F185A0E00154301 /* UIScreen+CZAddition.h */,
				73355D311F185A0E00154301 /* UIScreen+CZAddition.m */,
				73355D321F185A0E00154301 /* UIView+CZAddition.h */,
				73355D331F185A0E00154301 /* UIView+CZAddition.m */,
				73355D341F185A0E00154301 /* UIViewController+CZAddition.h */,
				73355D351F185A0E00154301 /* UIViewController+CZAddition.m */,
			);
			path = Additions;
			sourceTree = "<group>";
		};
		73355D451F1862F300154301 /* Extensions */ = {
			isa = PBXGroup;
			children = (
				73355D461F1862F300154301 /* Bundle+Extensions.swift */,
				73355D471F1862F300154301 /* Date+Extensions.swift */,
				73355D481F1862F300154301 /* String+Extensions.swift */,
				73355D491F1862F300154301 /* UIBarButtonItem+Extensions.swift */,
			);
			path = Extensions;
			sourceTree = "<group>";
		};
		EBE3B8975F974546197B1FCA /* Frameworks */ = {
			isa = PBXGroup;
			children = (
				2E9B6A4C756E0D0099478B66 /* libPods-MyWeibo.a */,
			);
			name = Frameworks;
			sourceTree = "<group>";
		};
/* End PBXGroup section */

/* Begin PBXNativeTarget section */
		73355CD21F18552100154301 /* MyWeibo */ = {
			isa = PBXNativeTarget;
			buildConfigurationList = 73355CFB1F18552200154301 /* Build configuration list for PBXNativeTarget "MyWeibo" */;
			buildPhases = (
				E171480FD4B86E048F4F1807 /* [CP] Check Pods Manifest.lock */,
				73355CCF1F18552100154301 /* Sources */,
				73355CD01F18552100154301 /* Frameworks */,
				73355CD11F18552100154301 /* Resources */,
				512E1506B88CA6F06C0B4551 /* [CP] Embed Pods Frameworks */,
				20F421FE193F1B87077CAFF5 /* [CP] Copy Pods Resources */,
			);
			buildRules = (
			);
			dependencies = (
			);
			name = MyWeibo;
			productName = MyWeibo;
			productReference = 73355CD31F18552100154301 /* MyWeibo.app */;
			productType = "com.apple.product-type.application";
		};
		73355CE61F18552100154301 /* MyWeiboTests */ = {
			isa = PBXNativeTarget;
			buildConfigurationList = 73355CFE1F18552200154301 /* Build configuration list for PBXNativeTarget "MyWeiboTests" */;
			buildPhases = (
				73355CE31F18552100154301 /* Sources */,
				73355CE41F18552100154301 /* Frameworks */,
				73355CE51F18552100154301 /* Resources */,
			);
			buildRules = (
			);
			dependencies = (
				73355CE91F18552100154301 /* PBXTargetDependency */,
			);
			name = MyWeiboTests;
			productName = MyWeiboTests;
			productReference = 73355CE71F18552100154301 /* MyWeiboTests.xctest */;
			productType = "com.apple.product-type.bundle.unit-test";
		};
		73355CF11F18552100154301 /* MyWeiboUITests */ = {
			isa = PBXNativeTarget;
			buildConfigurationList = 73355D011F18552200154301 /* Build configuration list for PBXNativeTarget "MyWeiboUITests" */;
			buildPhases = (
				73355CEE1F18552100154301 /* Sources */,
				73355CEF1F18552100154301 /* Frameworks */,
				73355CF01F18552100154301 /* Resources */,
			);
			buildRules = (
			);
			dependencies = (
				73355CF41F18552100154301 /* PBXTargetDependency */,
			);
			name = MyWeiboUITests;
			productName = MyWeiboUITests;
			productReference = 73355CF21F18552100154301 /* MyWeiboUITests.xctest */;
			productType = "com.apple.product-type.bundle.ui-testing";
		};
/* End PBXNativeTarget section */

/* Begin PBXProject section */
		73355CCB1F18552100154301 /* Project object */ = {
			isa = PBXProject;
			attributes = {
				CLASSPREFIX = WB;
				LastSwiftUpdateCheck = 0820;
				LastUpgradeCheck = 0820;
				ORGANIZATIONNAME = HMYD;
				TargetAttributes = {
					73355CD21F18552100154301 = {
						CreatedOnToolsVersion = 8.2.1;
						DevelopmentTeam = WFEZ674ZRE;
						ProvisioningStyle = Automatic;
					};
					73355CE61F18552100154301 = {
						CreatedOnToolsVersion = 8.2.1;
						DevelopmentTeam = WFEZ674ZRE;
						ProvisioningStyle = Automatic;
						TestTargetID = 73355CD21F18552100154301;
					};
					73355CF11F18552100154301 = {
						CreatedOnToolsVersion = 8.2.1;
						DevelopmentTeam = WFEZ674ZRE;
						ProvisioningStyle = Automatic;
						TestTargetID = 73355CD21F18552100154301;
					};
				};
			};
			buildConfigurationList = 73355CCE1F18552100154301 /* Build configuration list for PBXProject "MyWeibo" */;
			compatibilityVersion = "Xcode 3.2";
			developmentRegion = English;
			hasScannedForEncodings = 0;
			knownRegions = (
				en,
				Base,
			);
			mainGroup = 73355CCA1F18552100154301;
			productRefGroup = 73355CD41F18552100154301 /* Products */;
			projectDirPath = "";
			projectRoot = "";
			targets = (
				73355CD21F18552100154301 /* MyWeibo */,
				73355CE61F18552100154301 /* MyWeiboTests */,
				73355CF11F18552100154301 /* MyWeiboUITests */,
			);
		};
/* End PBXProject section */

/* Begin PBXResourcesBuildPhase section */
		73355CD11F18552100154301 /* Resources */ = {
			isa = PBXResourcesBuildPhase;
			buildActionMask = 2147483647;
			files = (
				73355CDE1F18552100154301 /* Assets.xcassets in Resources */,
			);
			runOnlyForDeploymentPostprocessing = 0;
		};
		73355CE51F18552100154301 /* Resources */ = {
			isa = PBXResourcesBuildPhase;
			buildActionMask = 2147483647;
			files = (
			);
			runOnlyForDeploymentPostprocessing = 0;
		};
		73355CF01F18552100154301 /* Resources */ = {
			isa = PBXResourcesBuildPhase;
			buildActionMask = 2147483647;
			files = (
			);
			runOnlyForDeploymentPostprocessing = 0;
		};
/* End PBXResourcesBuildPhase section */

/* Begin PBXShellScriptBuildPhase section */
		20F421FE193F1B87077CAFF5 /* [CP] Copy Pods Resources */ = {
			isa = PBXShellScriptBuildPhase;
			buildActionMask = 2147483647;
			files = (
			);
			inputPaths = (
			);
			name = "[CP] Copy Pods Resources";
			outputPaths = (
			);
			runOnlyForDeploymentPostprocessing = 0;
			shellPath = /bin/sh;
			shellScript = "\"${SRCROOT}/Pods/Target Support Files/Pods-MyWeibo/Pods-MyWeibo-resources.sh\"\n";
			showEnvVarsInLog = 0;
		};
		512E1506B88CA6F06C0B4551 /* [CP] Embed Pods Frameworks */ = {
			isa = PBXShellScriptBuildPhase;
			buildActionMask = 2147483647;
			files = (
			);
			inputPaths = (
			);
			name = "[CP] Embed Pods Frameworks";
			outputPaths = (
			);
			runOnlyForDeploymentPostprocessing = 0;
			shellPath = /bin/sh;
			shellScript = "\"${SRCROOT}/Pods/Target Support Files/Pods-MyWeibo/Pods-MyWeibo-frameworks.sh\"\n";
			showEnvVarsInLog = 0;
		};
		E171480FD4B86E048F4F1807 /* [CP] Check Pods Manifest.lock */ = {
			isa = PBXShellScriptBuildPhase;
			buildActionMask = 2147483647;
			files = (
			);
			inputPaths = (
			);
			name = "[CP] Check Pods Manifest.lock";
			outputPaths = (
			);
			runOnlyForDeploymentPostprocessing = 0;
			shellPath = /bin/sh;
			shellScript = "diff \"${PODS_PODFILE_DIR_PATH}/Podfile.lock\" \"${PODS_ROOT}/Manifest.lock\" > /dev/null\nif [ $? != 0 ] ; then\n    # print error to STDERR\n    echo \"error: The sandbox is not in sync with the Podfile.lock. Run 'pod install' or update your CocoaPods installation.\" >&2\n    exit 1\nfi\n";
			showEnvVarsInLog = 0;
		};
/* End PBXShellScriptBuildPhase section */

/* Begin PBXSourcesBuildPhase section */
		73355CCF1F18552100154301 /* Sources */ = {
			isa = PBXSourcesBuildPhase;
			buildActionMask = 2147483647;
			files = (
				73355D4F1F1862F300154301 /* UIBarButtonItem+Extensions.swift in Sources */,
				73355D3D1F185A0E00154301 /* UIColor+CZAddition.m in Sources */,
				73355D4D1F1862F300154301 /* Date+Extensions.swift in Sources */,
				73355D361F185A0E00154301 /* NSArray+Log.m in Sources */,
				73355D171F1858E400154301 /* WBDiscooverViewController.swift in Sources */,
				73355D3E1F185A0E00154301 /* UILabel+CZAddition.m in Sources */,
				73355D371F185A0E00154301 /* NSAttributedString+CZAdditon.m in Sources */,
				73355D411F185A0E00154301 /* UIViewController+CZAddition.m in Sources */,
				73355D4C1F1862F300154301 /* Bundle+Extensions.swift in Sources */,
				73355D391F185A0E00154301 /* NSString+CZBase64.m in Sources */,
				73355D1B1F1858F500154301 /* WBProfileViewController.swift in Sources */,
				73355D191F1858EC00154301 /* WBMessageViewController.swift in Sources */,
				73355D131F1858C600154301 /* WBBaseViewController.swift in Sources */,
				73355D3C1F185A0E00154301 /* UIButton+CZAddition.m in Sources */,
				73355D3F1F185A0E00154301 /* UIScreen+CZAddition.m in Sources */,
				73355D0F1F18588D00154301 /* WBMainViewController.swift in Sources */,
				73355D381F185A0E00154301 /* NSObject+CZRuntime.m in Sources */,
				73355D151F1858DC00154301 /* WBHomeViewController.swift in Sources */,
				73355CD71F18552100154301 /* AppDelegate.swift in Sources */,
				73355D3B1F185A0E00154301 /* NSString+CZPath.m in Sources */,
				73355D4E1F1862F300154301 /* String+Extensions.swift in Sources */,
				73355D401F185A0E00154301 /* UIView+CZAddition.m in Sources */,
				73355D3A1F185A0E00154301 /* NSString+CZHash.m in Sources */,
				73355D111F1858B000154301 /* WBNavigationController.swift in Sources */,
			);
			runOnlyForDeploymentPostprocessing = 0;
		};
		73355CE31F18552100154301 /* Sources */ = {
			isa = PBXSourcesBuildPhase;
			buildActionMask = 2147483647;
			files = (
				73355CEC1F18552100154301 /* MyWeiboTests.swift in Sources */,
			);
			runOnlyForDeploymentPostprocessing = 0;
		};
		73355CEE1F18552100154301 /* Sources */ = {
			isa = PBXSourcesBuildPhase;
			buildActionMask = 2147483647;
			files = (
				73355CF71F18552100154301 /* MyWeiboUITests.swift in Sources */,
			);
			runOnlyForDeploymentPostprocessing = 0;
		};
/* End PBXSourcesBuildPhase section */

/* Begin PBXTargetDependency section */
		73355CE91F18552100154301 /* PBXTargetDependency */ = {
			isa = PBXTargetDependency;
			target = 73355CD21F18552100154301 /* MyWeibo */;
			targetProxy = 73355CE81F18552100154301 /* PBXContainerItemProxy */;
		};
		73355CF41F18552100154301 /* PBXTargetDependency */ = {
			isa = PBXTargetDependency;
			target = 73355CD21F18552100154301 /* MyWeibo */;
			targetProxy = 73355CF31F18552100154301 /* PBXContainerItemProxy */;
		};
/* End PBXTargetDependency section */

/* Begin XCBuildConfiguration section */
		73355CF91F18552200154301 /* Debug */ = {
			isa = XCBuildConfiguration;
			buildSettings = {
				ALWAYS_SEARCH_USER_PATHS = NO;
				CLANG_ANALYZER_NONNULL = YES;
				CLANG_CXX_LANGUAGE_STANDARD = "gnu++0x";
				CLANG_CXX_LIBRARY = "libc++";
				CLANG_ENABLE_MODULES = YES;
				CLANG_ENABLE_OBJC_ARC = YES;
				CLANG_WARN_BOOL_CONVERSION = YES;
				CLANG_WARN_CONSTANT_CONVERSION = YES;
				CLANG_WARN_DIRECT_OBJC_ISA_USAGE = YES_ERROR;
				CLANG_WARN_DOCUMENTATION_COMMENTS = YES;
				CLANG_WARN_EMPTY_BODY = YES;
				CLANG_WARN_ENUM_CONVERSION = YES;
				CLANG_WARN_INFINITE_RECURSION = YES;
				CLANG_WARN_INT_CONVERSION = YES;
				CLANG_WARN_OBJC_ROOT_CLASS = YES_ERROR;
				CLANG_WARN_SUSPICIOUS_MOVE = YES;
				CLANG_WARN_UNREACHABLE_CODE = YES;
				CLANG_WARN__DUPLICATE_METHOD_MATCH = YES;
				"CODE_SIGN_IDENTITY[sdk=iphoneos*]" = "iPhone Developer";
				COPY_PHASE_STRIP = NO;
				DEBUG_INFORMATION_FORMAT = dwarf;
				ENABLE_STRICT_OBJC_MSGSEND = YES;
				ENABLE_TESTABILITY = YES;
				GCC_C_LANGUAGE_STANDARD = gnu99;
				GCC_DYNAMIC_NO_PIC = NO;
				GCC_NO_COMMON_BLOCKS = YES;
				GCC_OPTIMIZATION_LEVEL = 0;
				GCC_PREPROCESSOR_DEFINITIONS = (
					"DEBUG=1",
					"$(inherited)",
				);
				GCC_WARN_64_TO_32_BIT_CONVERSION = YES;
				GCC_WARN_ABOUT_RETURN_TYPE = YES_ERROR;
				GCC_WARN_UNDECLARED_SELECTOR = YES;
				GCC_WARN_UNINITIALIZED_AUTOS = YES_AGGRESSIVE;
				GCC_WARN_UNUSED_FUNCTION = YES;
				GCC_WARN_UNUSED_VARIABLE = YES;
				IPHONEOS_DEPLOYMENT_TARGET = 10.2;
				MTL_ENABLE_DEBUG_INFO = YES;
				ONLY_ACTIVE_ARCH = YES;
				SDKROOT = iphoneos;
				SWIFT_ACTIVE_COMPILATION_CONDITIONS = DEBUG;
				SWIFT_OPTIMIZATION_LEVEL = "-Onone";
			};
			name = Debug;
		};
		73355CFA1F18552200154301 /* Release */ = {
			isa = XCBuildConfiguration;
			buildSettings = {
				ALWAYS_SEARCH_USER_PATHS = NO;
				CLANG_ANALYZER_NONNULL = YES;
				CLANG_CXX_LANGUAGE_STANDARD = "gnu++0x";
				CLANG_CXX_LIBRARY = "libc++";
				CLANG_ENABLE_MODULES = YES;
				CLANG_ENABLE_OBJC_ARC = YES;
				CLANG_WARN_BOOL_CONVERSION = YES;
				CLANG_WARN_CONSTANT_CONVERSION = YES;
				CLANG_WARN_DIRECT_OBJC_ISA_USAGE = YES_ERROR;
				CLANG_WARN_DOCUMENTATION_COMMENTS = YES;
				CLANG_WARN_EMPTY_BODY = YES;
				CLANG_WARN_ENUM_CONVERSION = YES;
				CLANG_WARN_INFINITE_RECURSION = YES;
				CLANG_WARN_INT_CONVERSION = YES;
				CLANG_WARN_OBJC_ROOT_CLASS = YES_ERROR;
				CLANG_WARN_SUSPICIOUS_MOVE = YES;
				CLANG_WARN_UNREACHABLE_CODE = YES;
				CLANG_WARN__DUPLICATE_METHOD_MATCH = YES;
				"CODE_SIGN_IDENTITY[sdk=iphoneos*]" = "iPhone Developer";
				COPY_PHASE_STRIP = NO;
				DEBUG_INFORMATION_FORMAT = "dwarf-with-dsym";
				ENABLE_NS_ASSERTIONS = NO;
				ENABLE_STRICT_OBJC_MSGSEND = YES;
				GCC_C_LANGUAGE_STANDARD = gnu99;
				GCC_NO_COMMON_BLOCKS = YES;
				GCC_WARN_64_TO_32_BIT_CONVERSION = YES;
				GCC_WARN_ABOUT_RETURN_TYPE = YES_ERROR;
				GCC_WARN_UNDECLARED_SELECTOR = YES;
				GCC_WARN_UNINITIALIZED_AUTOS = YES_AGGRESSIVE;
				GCC_WARN_UNUSED_FUNCTION = YES;
				GCC_WARN_UNUSED_VARIABLE = YES;
				IPHONEOS_DEPLOYMENT_TARGET = 10.2;
				MTL_ENABLE_DEBUG_INFO = NO;
				SDKROOT = iphoneos;
				SWIFT_OPTIMIZATION_LEVEL = "-Owholemodule";
				VALIDATE_PRODUCT = YES;
			};
			name = Release;
		};
		73355CFC1F18552200154301 /* Debug */ = {
			isa = XCBuildConfiguration;
			baseConfigurationReference = 8B1B681AF01334A9CF263A22 /* Pods-MyWeibo.debug.xcconfig */;
			buildSettings = {
				ASSETCATALOG_COMPILER_APPICON_NAME = AppIcon;
				ASSETCATALOG_COMPILER_LAUNCHIMAGE_NAME = LaunchImage;
				DEVELOPMENT_TEAM = WFEZ674ZRE;
				INFOPLIST_FILE = MyWeibo/Info.plist;
				IPHONEOS_DEPLOYMENT_TARGET = 8.0;
				LD_RUNPATH_SEARCH_PATHS = "$(inherited) @executable_path/Frameworks";
				PRODUCT_BUNDLE_IDENTIFIER = cn.hmyd.MyWeibo;
				PRODUCT_NAME = "$(TARGET_NAME)";
				SWIFT_OBJC_BRIDGING_HEADER = "$(SRCROOT)/MyWeibo/Weibo-Bridge.h";
				SWIFT_VERSION = 3.0;
			};
			name = Debug;
		};
		73355CFD1F18552200154301 /* Release */ = {
			isa = XCBuildConfiguration;
			baseConfigurationReference = 8C032BBE790D315229402819 /* Pods-MyWeibo.release.xcconfig */;
			buildSettings = {
				ASSETCATALOG_COMPILER_APPICON_NAME = AppIcon;
				ASSETCATALOG_COMPILER_LAUNCHIMAGE_NAME = LaunchImage;
				DEVELOPMENT_TEAM = WFEZ674ZRE;
				INFOPLIST_FILE = MyWeibo/Info.plist;
				IPHONEOS_DEPLOYMENT_TARGET = 8.0;
				LD_RUNPATH_SEARCH_PATHS = "$(inherited) @executable_path/Frameworks";
				PRODUCT_BUNDLE_IDENTIFIER = cn.hmyd.MyWeibo;
				PRODUCT_NAME = "$(TARGET_NAME)";
				SWIFT_OBJC_BRIDGING_HEADER = "$(SRCROOT)/MyWeibo/Weibo-Bridge.h";
				SWIFT_VERSION = 3.0;
			};
			name = Release;
		};
		73355CFF1F18552200154301 /* Debug */ = {
			isa = XCBuildConfiguration;
			buildSettings = {
				ALWAYS_EMBED_SWIFT_STANDARD_LIBRARIES = YES;
				BUNDLE_LOADER = "$(TEST_HOST)";
				DEVELOPMENT_TEAM = WFEZ674ZRE;
				INFOPLIST_FILE = MyWeiboTests/Info.plist;
				LD_RUNPATH_SEARCH_PATHS = "$(inherited) @executable_path/Frameworks @loader_path/Frameworks";
				PRODUCT_BUNDLE_IDENTIFIER = cn.hmyd.MyWeiboTests;
				PRODUCT_NAME = "$(TARGET_NAME)";
				SWIFT_VERSION = 3.0;
				TEST_HOST = "$(BUILT_PRODUCTS_DIR)/MyWeibo.app/MyWeibo";
			};
			name = Debug;
		};
		73355D001F18552200154301 /* Release */ = {
			isa = XCBuildConfiguration;
			buildSettings = {
				ALWAYS_EMBED_SWIFT_STANDARD_LIBRARIES = YES;
				BUNDLE_LOADER = "$(TEST_HOST)";
				DEVELOPMENT_TEAM = WFEZ674ZRE;
				INFOPLIST_FILE = MyWeiboTests/Info.plist;
				LD_RUNPATH_SEARCH_PATHS = "$(inherited) @executable_path/Frameworks @loader_path/Frameworks";
				PRODUCT_BUNDLE_IDENTIFIER = cn.hmyd.MyWeiboTests;
				PRODUCT_NAME = "$(TARGET_NAME)";
				SWIFT_VERSION = 3.0;
				TEST_HOST = "$(BUILT_PRODUCTS_DIR)/MyWeibo.app/MyWeibo";
			};
			name = Release;
		};
		73355D021F18552200154301 /* Debug */ = {
			isa = XCBuildConfiguration;
			buildSettings = {
				ALWAYS_EMBED_SWIFT_STANDARD_LIBRARIES = YES;
				DEVELOPMENT_TEAM = WFEZ674ZRE;
				INFOPLIST_FILE = MyWeiboUITests/Info.plist;
				LD_RUNPATH_SEARCH_PATHS = "$(inherited) @executable_path/Frameworks @loader_path/Frameworks";
				PRODUCT_BUNDLE_IDENTIFIER = cn.hmyd.MyWeiboUITests;
				PRODUCT_NAME = "$(TARGET_NAME)";
				SWIFT_VERSION = 3.0;
				TEST_TARGET_NAME = MyWeibo;
			};
			name = Debug;
		};
		73355D031F18552200154301 /* Release */ = {
			isa = XCBuildConfiguration;
			buildSettings = {
				ALWAYS_EMBED_SWIFT_STANDARD_LIBRARIES = YES;
				DEVELOPMENT_TEAM = WFEZ674ZRE;
				INFOPLIST_FILE = MyWeiboUITests/Info.plist;
				LD_RUNPATH_SEARCH_PATHS = "$(inherited) @executable_path/Frameworks @loader_path/Frameworks";
				PRODUCT_BUNDLE_IDENTIFIER = cn.hmyd.MyWeiboUITests;
				PRODUCT_NAME = "$(TARGET_NAME)";
				SWIFT_VERSION = 3.0;
				TEST_TARGET_NAME = MyWeibo;
			};
			name = Release;
		};
/* End XCBuildConfiguration section */

/* Begin XCConfigurationList section */
		73355CCE1F18552100154301 /* Build configuration list for PBXProject "MyWeibo" */ = {
			isa = XCConfigurationList;
			buildConfigurations = (
				73355CF91F18552200154301 /* Debug */,
				73355CFA1F18552200154301 /* Release */,
			);
			defaultConfigurationIsVisible = 0;
			defaultConfigurationName = Release;
		};
		73355CFB1F18552200154301 /* Build configuration list for PBXNativeTarget "MyWeibo" */ = {
			isa = XCConfigurationList;
			buildConfigurations = (
				73355CFC1F18552200154301 /* Debug */,
				73355CFD1F18552200154301 /* Release */,
			);
			defaultConfigurationIsVisible = 0;
			defaultConfigurationName = Release;
		};
		73355CFE1F18552200154301 /* Build configuration list for PBXNativeTarget "MyWeiboTests" */ = {
			isa = XCConfigurationList;
			buildConfigurations = (
				73355CFF1F18552200154301 /* Debug */,
				73355D001F18552200154301 /* Release */,
			);
			defaultConfigurationIsVisible = 0;
			defaultConfigurationName = Release;
		};
		73355D011F18552200154301 /* Build configuration list for PBXNativeTarget "MyWeiboUITests" */ = {
			isa = XCConfigurationList;
			buildConfigurations = (
				73355D021F18552200154301 /* Debug */,
				73355D031F18552200154301 /* Release */,
			);
			defaultConfigurationIsVisible = 0;
			defaultConfigurationName = Release;
		};
/* End XCConfigurationList section */
	};
	rootObject = 73355CCB1F18552100154301 /* Project object */;
}
